<Solution>
  <Folder Name="/src/">
    <File Path="../src/Directory.Build.props" />
    <Project Path="../src/Cirreum.Runtime.Messaging/Cirreum.Runtime.Messaging.csproj" />
  </Folder>
  <Folder Name="/tests/">
    <File Path="Directory.Build.props" />
    <Project Path="Cirreum.Runtime.Messaging.Tests/Cirreum.Runtime.Messaging.Tests.csproj" />
  </Folder>
</Solution>
